
Microsoft Visual Studio Solution File, Format Version 12.00
# Visual Studio Version 17
VisualStudioVersion = 17.14.36221.1 d17.14
MinimumVisualStudioVersion = 10.0.40219.1
Project("{8BC9CEB8-8B4A-11D0-8D11-00A0C91BC942}") = "MT3_02_04", "MT3_02_04.vcxproj", "{3A0B2C88-3F4A-47FC-9BEE-D3968FC46DB6}"
EndProject
Global
	GlobalSection(SolutionConfigurationPlatforms) = preSolution
		Debug|x64 = Debug|x64
		Release|x64 = Release|x64
	EndGlobalSection
	GlobalSection(ProjectConfigurationPlatforms) = postSolution
		{3A0B2C88-3F4A-47FC-9BEE-D3968FC46DB6}.Debug|x64.ActiveCfg = Debug|x64
		{3A0B2C88-3F4A-47FC-9BEE-D3968FC46DB6}.Debug|x64.Build.0 = Debug|x64
		{3A0B2C88-3F4A-47FC-9BEE-D3968FC46DB6}.Release|x64.ActiveCfg = Release|x64
		{3A0B2C88-3F4A-47FC-9BEE-D3968FC46DB6}.Release|x64.Build.0 = Release|x64
	EndGlobalSection
	GlobalSection(SolutionProperties) = preSolution
		HideSolutionNode = FALSE
	EndGlobalSection
	GlobalSection(ExtensibilityGlobals) = postSolution
		SolutionGuid = {8F02A0C0-746A-4301-ACC1-A0679FF68DAB}
	EndGlobalSection
EndGlobal
